// !$*UTF8*$!
{
	archiveVersion = 1;
	classes = {
	};
	objectVersion = 46;
	objects = {

/* Begin PBXBuildFile section */
		35BB3F6F15D6CF310079230E /* Cocoa.framework in Frameworks */ = {isa = PBXBuildFile; fileRef = 35BB3F6E15D6CF310079230E /* Cocoa.framework */; };
		35BB3F7915D6CF310079230E /* InfoPlist.strings in Resources */ = {isa = PBXBuildFile; fileRef = 35BB3F7715D6CF310079230E /* InfoPlist.strings */; };
		35BB3F7B15D6CF310079230E /* main.m in Sources */ = {isa = PBXBuildFile; fileRef = 35BB3F7A15D6CF310079230E /* main.m */; };
		35BB3F7F15D6CF310079230E /* Credits.rtf in Resources */ = {isa = PBXBuildFile; fileRef = 35BB3F7D15D6CF310079230E /* Credits.rtf */; };
		35BB3F8215D6CF310079230E /* AppDelegate.m in Sources */ = {isa = PBXBuildFile; fileRef = 35BB3F8115D6CF310079230E /* AppDelegate.m */; };
		35BB3F8515D6CF310079230E /* MainMenu.xib in Resources */ = {isa = PBXBuildFile; fileRef = 35BB3F8315D6CF310079230E /* MainMenu.xib */; };
/* End PBXBuildFile section */

/* Begin PBXFileReference section */
		35BB3F6A15D6CF310079230E /* ScaryBugsApp.app */ = {isa = PBXFileReference; explicitFileType = wrapper.application; includeInIndex = 0; path = ScaryBugsApp.app; sourceTree = BUILT_PRODUCTS_DIR; };
		35BB3F6E15D6CF310079230E /* Cocoa.framework */ = {isa = PBXFileReference; lastKnownFileType = wrapper.framework; name = Cocoa.framework; path = System/Library/Frameworks/Cocoa.framework; sourceTree = SDKROOT; };
		35BB3F7115D6CF310079230E /* AppKit.framework */ = {isa = PBXFileReference; lastKnownFileType = wrapper.framework; name = AppKit.framework; path = System/Library/Frameworks/AppKit.framework; sourceTree = SDKROOT; };
		35BB3F7215D6CF310079230E /* CoreData.framework */ = {isa = PBXFileReference; lastKnownFileType = wrapper.framework; name = CoreData.framework; path = System/Library/Frameworks/CoreData.framework; sourceTree = SDKROOT; };
		35BB3F7315D6CF310079230E /* Foundation.framework */ = {isa = PBXFileReference; lastKnownFileType = wrapper.framework; name = Foundation.framework; path = System/Library/Frameworks/Foundation.framework; sourceTree = SDKROOT; };
		35BB3F7615D6CF310079230E /* ScaryBugsApp-Info.plist */ = {isa = PBXFileReference; lastKnownFileType = text.plist.xml; path = "ScaryBugsApp-Info.plist"; sourceTree = "<group>"; };
		35BB3F7815D6CF310079230E /* en */ = {isa = PBXFileReference; lastKnownFileType = text.plist.strings; name = en; path = en.lproj/InfoPlist.strings; sourceTree = "<group>"; };
		35BB3F7A15D6CF310079230E /* main.m */ = {isa = PBXFileReference; lastKnownFileType = sourcecode.c.objc; path = main.m; sourceTree = "<group>"; };
		35BB3F7C15D6CF310079230E /* ScaryBugsApp-Prefix.pch */ = {isa = PBXFileReference; lastKnownFileType = sourcecode.c.h; path = "ScaryBugsApp-Prefix.pch"; sourceTree = "<group>"; };
		35BB3F7E15D6CF310079230E /* en */ = {isa = PBXFileReference; lastKnownFileType = text.rtf; name = en; path = en.lproj/Credits.rtf; sourceTree = "<group>"; };
		35BB3F8015D6CF310079230E /* AppDelegate.h */ = {isa = PBXFileReference; lastKnownFileType = sourcecode.c.h; path = AppDelegate.h; sourceTree = "<group>"; };
		35BB3F8115D6CF310079230E /* AppDelegate.m */ = {isa = PBXFileReference; lastKnownFileType = sourcecode.c.objc; path = AppDelegate.m; sourceTree = "<group>"; };
		35BB3F8415D6CF310079230E /* en */ = {isa = PBXFileReference; lastKnownFileType = file.xib; name = en; path = en.lproj/MainMenu.xib; sourceTree = "<group>"; };
/* End PBXFileReference section */

/* Begin PBXFrameworksBuildPhase section */
		35BB3F6715D6CF310079230E /* Frameworks */ = {
			isa = PBXFrameworksBuildPhase;
			buildActionMask = 2147483647;
			files = (
				35BB3F6F15D6CF310079230E /* Cocoa.framework in Frameworks */,
			);
			runOnlyForDeploymentPostprocessing = 0;
		};
/* End PBXFrameworksBuildPhase section */

/* Begin PBXGroup section */
		35BB3F5F15D6CF310079230E = {
			isa = PBXGroup;
			children = (
				35BB3F7415D6CF310079230E /* ScaryBugsApp */,
				35BB3F6D15D6CF310079230E /* Frameworks */,
				35BB3F6B15D6CF310079230E /* Products */,
			);
			sourceTree = "<group>";
		};
		35BB3F6B15D6CF310079230E /* Products */ = {
			isa = PBXGroup;
			children = (
				35BB3F6A15D6CF310079230E /* ScaryBugsApp.app */,
			);
			name = Products;
			sourceTree = "<group>";
		};
		35BB3F6D15D6CF310079230E /* Frameworks */ = {
			isa = PBXGroup;
			children = (
				35BB3F6E15D6CF310079230E /* Cocoa.framework */,
				35BB3F7015D6CF310079230E /* Other Frameworks */,
			);
			name = Frameworks;
			sourceTree = "<group>";
		};
		35BB3F7015D6CF310079230E /* Other Frameworks */ = {
			isa = PBXGroup;
			children = (
				35BB3F7115D6CF310079230E /* AppKit.framework */,
				35BB3F7215D6CF310079230E /* CoreData.framework */,
				35BB3F7315D6CF310079230E /* Foundation.framework */,
			);
			name = "Other Frameworks";
			sourceTree = "<group>";
		};
		35BB3F7415D6CF310079230E /* ScaryBugsApp */ = {
			isa = PBXGroup;
			children = (
				35BB3F8015D6CF310079230E /* AppDelegate.h */,
				35BB3F8115D6CF310079230E /* AppDelegate.m */,
				35BB3F8315D6CF310079230E /* MainMenu.xib */,
				35BB3F7515D6CF310079230E /* Supporting Files */,
			);
			path = ScaryBugsApp;
			sourceTree = "<group>";
		};
		35BB3F7515D6CF310079230E /* Supporting Files */ = {
			isa = PBXGroup;
			children = (
				35BB3F7615D6CF310079230E /* ScaryBugsApp-Info.plist */,
				35BB3F7715D6CF310079230E /* InfoPlist.strings */,
				35BB3F7A15D6CF310079230E /* main.m */,
				35BB3F7C15D6CF310079230E /* ScaryBugsApp-Prefix.pch */,
				35BB3F7D15D6CF310079230E /* Credits.rtf */,
			);
			name = "Supporting Files";
			sourceTree = "<group>";
		};
/* End PBXGroup section */

/* Begin PBXNativeTarget section */
		35BB3F6915D6CF310079230E /* ScaryBugsApp */ = {
			isa = PBXNativeTarget;
			buildConfigurationList = 35BB3F8815D6CF310079230E /* Build configuration list for PBXNativeTarget "ScaryBugsApp" */;
			buildPhases = (
				35BB3F6615D6CF310079230E /* Sources */,
				35BB3F6715D6CF310079230E /* Frameworks */,
				35BB3F6815D6CF310079230E /* Resources */,
			);
			buildRules = (
			);
			dependencies = (
			);
			name = ScaryBugsApp;
			productName = ScaryBugsApp;
			productReference = 35BB3F6A15D6CF310079230E /* ScaryBugsApp.app */;
			productType = "com.apple.product-type.application";
		};
/* End PBXNativeTarget section */

/* Begin PBXProject section */
		35BB3F6115D6CF310079230E /* Project object */ = {
			isa = PBXProject;
			attributes = {
				LastUpgradeCheck = 0440;
				ORGANIZATIONNAME = "Ray Wenderlich";
			};
			buildConfigurationList = 35BB3F6415D6CF310079230E /* Build configuration list for PBXProject "ScaryBugsApp" */;
			compatibilityVersion = "Xcode 3.2";
			developmentRegion = English;
			hasScannedForEncodings = 0;
			knownRegions = (
				en,
			);
			mainGroup = 35BB3F5F15D6CF310079230E;
			productRefGroup = 35BB3F6B15D6CF310079230E /* Products */;
			projectDirPath = "";
			projectRoot = "";
			targets = (
				35BB3F6915D6CF310079230E /* ScaryBugsApp */,
			);
		};
/* End PBXProject section */

/* Begin PBXResourcesBuildPhase section */
		35BB3F6815D6CF310079230E /* Resources */ = {
			isa = PBXResourcesBuildPhase;
			buildActionMask = 2147483647;
			files = (
				35BB3F7915D6CF310079230E /* InfoPlist.strings in Resources */,
				35BB3F7F15D6CF310079230E /* Credits.rtf in Resources */,
				35BB3F8515D6CF310079230E /* MainMenu.xib in Resources */,
			);
			runOnlyForDeploymentPostprocessing = 0;
		};
/* End PBXResourcesBuildPhase section */

/* Begin PBXSourcesBuildPhase section */
		35BB3F6615D6CF310079230E /* Sources */ = {
			isa = PBXSourcesBuildPhase;
			buildActionMask = 2147483647;
			files = (
				35BB3F7B15D6CF310079230E /* main.m in Sources */,
				35BB3F8215D6CF310079230E /* AppDelegate.m in Sources */,
			);
			runOnlyForDeploymentPostprocessing = 0;
		};
/* End PBXSourcesBuildPhase section */

/* Begin PBXVariantGroup section */
		35BB3F7715D6CF310079230E /* InfoPlist.strings */ = {
			isa = PBXVariantGroup;
			children = (
				35BB3F7815D6CF310079230E /* en */,
			);
			name = InfoPlist.strings;
			sourceTree = "<group>";
		};
		35BB3F7D15D6CF310079230E /* Credits.rtf */ = {
			isa = PBXVariantGroup;
			children = (
				35BB3F7E15D6CF310079230E /* en */,
			);
			name = Credits.rtf;
			sourceTree = "<group>";
		};
		35BB3F8315D6CF310079230E /* MainMenu.xib */ = {
			isa = PBXVariantGroup;
			children = (
				35BB3F8415D6CF310079230E /* en */,
			);
			name = MainMenu.xib;
			sourceTree = "<group>";
		};
/* End PBXVariantGroup section */

/* Begin XCBuildConfiguration section */
		35BB3F8615D6CF310079230E /* Debug */ = {
			isa = XCBuildConfiguration;
			buildSettings = {
				ALWAYS_SEARCH_USER_PATHS = NO;
				ARCHS = "$(ARCHS_STANDARD_64_BIT)";
				CLANG_CXX_LANGUAGE_STANDARD = "gnu++0x";
				CLANG_ENABLE_OBJC_ARC = YES;
				CLANG_WARN__DUPLICATE_METHOD_MATCH = YES;
				COPY_PHASE_STRIP = NO;
				GCC_C_LANGUAGE_STANDARD = gnu99;
				GCC_DYNAMIC_NO_PIC = NO;
				GCC_ENABLE_OBJC_EXCEPTIONS = YES;
				GCC_OPTIMIZATION_LEVEL = 0;
				GCC_PREPROCESSOR_DEFINITIONS = (
					"DEBUG=1",
					"$(inherited)",
				);
				GCC_SYMBOLS_PRIVATE_EXTERN = NO;
				GCC_WARN_64_TO_32_BIT_CONVERSION = YES;
				GCC_WARN_ABOUT_RETURN_TYPE = YES;
				GCC_WARN_UNINITIALIZED_AUTOS = YES;
				GCC_WARN_UNUSED_VARIABLE = YES;
				MACOSX_DEPLOYMENT_TARGET = 10.8;
				ONLY_ACTIVE_ARCH = YES;
				SDKROOT = macosx;
			};
			name = Debug;
		};
		35BB3F8715D6CF310079230E /* Release */ = {
			isa = XCBuildConfiguration;
			buildSettings = {
				ALWAYS_SEARCH_USER_PATHS = NO;
				ARCHS = "$(ARCHS_STANDARD_64_BIT)";
				CLANG_CXX_LANGUAGE_STANDARD = "gnu++0x";
				CLANG_ENABLE_OBJC_ARC = YES;
				CLANG_WARN__DUPLICATE_METHOD_MATCH = YES;
				COPY_PHASE_STRIP = YES;
				DEBUG_INFORMATION_FORMAT = "dwarf-with-dsym";
				GCC_C_LANGUAGE_STANDARD = gnu99;
				GCC_ENABLE_OBJC_EXCEPTIONS = YES;
				GCC_WARN_64_TO_32_BIT_CONVERSION = YES;
				GCC_WARN_ABOUT_RETURN_TYPE = YES;
				GCC_WARN_UNINITIALIZED_AUTOS = YES;
				GCC_WARN_UNUSED_VARIABLE = YES;
				MACOSX_DEPLOYMENT_TARGET = 10.8;
				SDKROOT = macosx;
			};
			name = Release;
		};
		35BB3F8915D6CF310079230E /* Debug */ = {
			isa = XCBuildConfiguration;
			buildSettings = {
				COMBINE_HIDPI_IMAGES = YES;
				GCC_PRECOMPILE_PREFIX_HEADER = YES;
				GCC_PREFIX_HEADER = "ScaryBugsApp/ScaryBugsApp-Prefix.pch";
				INFOPLIST_FILE = "ScaryBugsApp/ScaryBugsApp-Info.plist";
				PRODUCT_NAME = "$(TARGET_NAME)";
				WRAPPER_EXTENSION = app;
			};
			name = Debug;
		};
		35BB3F8A15D6CF310079230E /* Release */ = {
			isa = XCBuildConfiguration;
			buildSettings = {
				COMBINE_HIDPI_IMAGES = YES;
				GCC_PRECOMPILE_PREFIX_HEADER = YES;
				GCC_PREFIX_HEADER = "ScaryBugsApp/ScaryBugsApp-Prefix.pch";
				INFOPLIST_FILE = "ScaryBugsApp/ScaryBugsApp-Info.plist";
				PRODUCT_NAME = "$(TARGET_NAME)";
				WRAPPER_EXTENSION = app;
			};
			name = Release;
		};
/* End XCBuildConfiguration section */

/* Begin XCConfigurationList section */
		35BB3F6415D6CF310079230E /* Build configuration list for PBXProject "ScaryBugsApp" */ = {
			isa = XCConfigurationList;
			buildConfigurations = (
				35BB3F8615D6CF310079230E /* Debug */,
				35BB3F8715D6CF310079230E /* Release */,
			);
			defaultConfigurationIsVisible = 0;
			defaultConfigurationName = Release;
		};
		35BB3F8815D6CF310079230E /* Build configuration list for PBXNativeTarget "ScaryBugsApp" */ = {
			isa = XCConfigurationList;
			buildConfigurations = (
				35BB3F8915D6CF310079230E /* Debug */,
				35BB3F8A15D6CF310079230E /* Release */,
			);
			defaultConfigurationIsVisible = 0;
		};
/* End XCConfigurationList section */
	};
	rootObject = 35BB3F6115D6CF310079230E /* Project object */;
}
